
Microsoft Visual Studio Solution File, Format Version 12.00
# Visual Studio 15
VisualStudioVersion = 15.0.27428.2005
MinimumVisualStudioVersion = 10.0.40219.1
Project("{FAE04EC0-301F-11D3-BF4B-00C04F79EFBC}") = "HouseHuntWebApi", "HouseHuntWebApi\HouseHuntWebApi.csproj", "{FCB74EAE-2CF3-40DC-91FB-42FB6C3CADCB}"
EndProject
Project("{FAE04EC0-301F-11D3-BF4B-00C04F79EFBC}") = "HouseHuntMobile.Android", "HouseHuntMobile\HouseHuntMobile.Android\HouseHuntMobile.Android.csproj", "{58AF8ED0-685C-4E3B-B5EA-D9194F060D3A}"
EndProject
Project("{FAE04EC0-301F-11D3-BF4B-00C04F79EFBC}") = "HouseHuntMobile", "HouseHuntMobile\HouseHuntMobile\HouseHuntMobile.csproj", "{E071E8C4-BA67-4DF4-904E-DE1F0E61B3E9}"
EndProject
Project("{2150E333-8FDC-42A3-9474-1A3956D46DE8}") = "Mobile", "Mobile", "{6F18F2D0-A5E8-4E31-BA36-D774EE5D92F0}"
EndProject
Global
	GlobalSection(SolutionConfigurationPlatforms) = preSolution
		Debug|Any CPU = Debug|Any CPU
		Release|Any CPU = Release|Any CPU
	EndGlobalSection
	GlobalSection(ProjectConfigurationPlatforms) = postSolution
		{FCB74EAE-2CF3-40DC-91FB-42FB6C3CADCB}.Debug|Any CPU.ActiveCfg = Debug|Any CPU
		{FCB74EAE-2CF3-40DC-91FB-42FB6C3CADCB}.Debug|Any CPU.Build.0 = Debug|Any CPU
		{FCB74EAE-2CF3-40DC-91FB-42FB6C3CADCB}.Release|Any CPU.ActiveCfg = Release|Any CPU
		{FCB74EAE-2CF3-40DC-91FB-42FB6C3CADCB}.Release|Any CPU.Build.0 = Release|Any CPU
		{58AF8ED0-685C-4E3B-B5EA-D9194F060D3A}.Debug|Any CPU.ActiveCfg = Debug|Any CPU
		{58AF8ED0-685C-4E3B-B5EA-D9194F060D3A}.Debug|Any CPU.Build.0 = Debug|Any CPU
		{58AF8ED0-685C-4E3B-B5EA-D9194F060D3A}.Debug|Any CPU.Deploy.0 = Debug|Any CPU
		{58AF8ED0-685C-4E3B-B5EA-D9194F060D3A}.Release|Any CPU.ActiveCfg = Release|Any CPU
		{58AF8ED0-685C-4E3B-B5EA-D9194F060D3A}.Release|Any CPU.Build.0 = Release|Any CPU
		{58AF8ED0-685C-4E3B-B5EA-D9194F060D3A}.Release|Any CPU.Deploy.0 = Release|Any CPU
		{E071E8C4-BA67-4DF4-904E-DE1F0E61B3E9}.Debug|Any CPU.ActiveCfg = Debug|Any CPU
		{E071E8C4-BA67-4DF4-904E-DE1F0E61B3E9}.Debug|Any CPU.Build.0 = Debug|Any CPU
		{E071E8C4-BA67-4DF4-904E-DE1F0E61B3E9}.Release|Any CPU.ActiveCfg = Release|Any CPU
		{E071E8C4-BA67-4DF4-904E-DE1F0E61B3E9}.Release|Any CPU.Build.0 = Release|Any CPU
	EndGlobalSection
	GlobalSection(SolutionProperties) = preSolution
		HideSolutionNode = FALSE
	EndGlobalSection
	GlobalSection(NestedProjects) = preSolution
		{58AF8ED0-685C-4E3B-B5EA-D9194F060D3A} = {6F18F2D0-A5E8-4E31-BA36-D774EE5D92F0}
		{E071E8C4-BA67-4DF4-904E-DE1F0E61B3E9} = {6F18F2D0-A5E8-4E31-BA36-D774EE5D92F0}
	EndGlobalSection
	GlobalSection(ExtensibilityGlobals) = postSolution
		SolutionGuid = {49B5F726-62A7-4297-AD7D-1C5EE2E51211}
	EndGlobalSection
EndGlobal
