
Microsoft Visual Studio Solution File, Format Version 12.00
# Visual Studio 15
VisualStudioVersion = 15.0.26730.10
MinimumVisualStudioVersion = 10.0.40219.1
Project("{9A19103F-16F7-4668-BE54-9A1E7A4F7556}") = "HouseHuntMobile", "HouseHuntMobile\HouseHuntMobile\HouseHuntMobile.csproj", "{E33757F9-2BA9-4033-8B2B-28DE5A87BEDD}"
EndProject
Project("{FAE04EC0-301F-11D3-BF4B-00C04F79EFBC}") = "HouseHuntMobile.Android", "HouseHuntMobile\HouseHuntMobile.Android\HouseHuntMobile.Android.csproj", "{58AF8ED0-685C-4E3B-B5EA-D9194F060D3A}"
EndProject
Global
	GlobalSection(SolutionConfigurationPlatforms) = preSolution
		Ad-Hoc|Any CPU = Ad-Hoc|Any CPU
		Ad-Hoc|ARM = Ad-Hoc|ARM
		Ad-Hoc|iPhone = Ad-Hoc|iPhone
		Ad-Hoc|iPhoneSimulator = Ad-Hoc|iPhoneSimulator
		Ad-Hoc|x64 = Ad-Hoc|x64
		Ad-Hoc|x86 = Ad-Hoc|x86
		AppStore|Any CPU = AppStore|Any CPU
		AppStore|ARM = AppStore|ARM
		AppStore|iPhone = AppStore|iPhone
		AppStore|iPhoneSimulator = AppStore|iPhoneSimulator
		AppStore|x64 = AppStore|x64
		AppStore|x86 = AppStore|x86
		Debug|Any CPU = Debug|Any CPU
		Debug|ARM = Debug|ARM
		Debug|iPhone = Debug|iPhone
		Debug|iPhoneSimulator = Debug|iPhoneSimulator
		Debug|x64 = Debug|x64
		Debug|x86 = Debug|x86
		Release|Any CPU = Release|Any CPU
		Release|ARM = Release|ARM
		Release|iPhone = Release|iPhone
		Release|iPhoneSimulator = Release|iPhoneSimulator
		Release|x64 = Release|x64
		Release|x86 = Release|x86
	EndGlobalSection
	GlobalSection(ProjectConfigurationPlatforms) = postSolution
		{E33757F9-2BA9-4033-8B2B-28DE5A87BEDD}.Ad-Hoc|Any CPU.ActiveCfg = Debug|Any CPU
		{E33757F9-2BA9-4033-8B2B-28DE5A87BEDD}.Ad-Hoc|Any CPU.Build.0 = Debug|Any CPU
		{E33757F9-2BA9-4033-8B2B-28DE5A87BEDD}.Ad-Hoc|ARM.ActiveCfg = Debug|Any CPU
		{E33757F9-2BA9-4033-8B2B-28DE5A87BEDD}.Ad-Hoc|ARM.Build.0 = Debug|Any CPU
		{E33757F9-2BA9-4033-8B2B-28DE5A87BEDD}.Ad-Hoc|iPhone.ActiveCfg = Debug|Any CPU
		{E33757F9-2BA9-4033-8B2B-28DE5A87BEDD}.Ad-Hoc|iPhone.Build.0 = Debug|Any CPU
		{E33757F9-2BA9-4033-8B2B-28DE5A87BEDD}.Ad-Hoc|iPhoneSimulator.ActiveCfg = Debug|Any CPU
		{E33757F9-2BA9-4033-8B2B-28DE5A87BEDD}.Ad-Hoc|iPhoneSimulator.Build.0 = Debug|Any CPU
		{E33757F9-2BA9-4033-8B2B-28DE5A87BEDD}.Ad-Hoc|x64.ActiveCfg = Debug|Any CPU
		{E33757F9-2BA9-4033-8B2B-28DE5A87BEDD}.Ad-Hoc|x64.Build.0 = Debug|Any CPU
		{E33757F9-2BA9-4033-8B2B-28DE5A87BEDD}.Ad-Hoc|x86.ActiveCfg = Debug|Any CPU
		{E33757F9-2BA9-4033-8B2B-28DE5A87BEDD}.Ad-Hoc|x86.Build.0 = Debug|Any CPU
		{E33757F9-2BA9-4033-8B2B-28DE5A87BEDD}.AppStore|Any CPU.ActiveCfg = Debug|Any CPU
		{E33757F9-2BA9-4033-8B2B-28DE5A87BEDD}.AppStore|Any CPU.Build.0 = Debug|Any CPU
		{E33757F9-2BA9-4033-8B2B-28DE5A87BEDD}.AppStore|ARM.ActiveCfg = Debug|Any CPU
		{E33757F9-2BA9-4033-8B2B-28DE5A87BEDD}.AppStore|ARM.Build.0 = Debug|Any CPU
		{E33757F9-2BA9-4033-8B2B-28DE5A87BEDD}.AppStore|iPhone.ActiveCfg = Debug|Any CPU
		{E33757F9-2BA9-4033-8B2B-28DE5A87BEDD}.AppStore|iPhone.Build.0 = Debug|Any CPU
		{E33757F9-2BA9-4033-8B2B-28DE5A87BEDD}.AppStore|iPhoneSimulator.ActiveCfg = Debug|Any CPU
		{E33757F9-2BA9-4033-8B2B-28DE5A87BEDD}.AppStore|iPhoneSimulator.Build.0 = Debug|Any CPU
		{E33757F9-2BA9-4033-8B2B-28DE5A87BEDD}.AppStore|x64.ActiveCfg = Debug|Any CPU
		{E33757F9-2BA9-4033-8B2B-28DE5A87BEDD}.AppStore|x64.Build.0 = Debug|Any CPU
		{E33757F9-2BA9-4033-8B2B-28DE5A87BEDD}.AppStore|x86.ActiveCfg = Debug|Any CPU
		{E33757F9-2BA9-4033-8B2B-28DE5A87BEDD}.AppStore|x86.Build.0 = Debug|Any CPU
		{E33757F9-2BA9-4033-8B2B-28DE5A87BEDD}.Debug|Any CPU.ActiveCfg = Debug|Any CPU
		{E33757F9-2BA9-4033-8B2B-28DE5A87BEDD}.Debug|Any CPU.Build.0 = Debug|Any CPU
		{E33757F9-2BA9-4033-8B2B-28DE5A87BEDD}.Debug|ARM.ActiveCfg = Debug|Any CPU
		{E33757F9-2BA9-4033-8B2B-28DE5A87BEDD}.Debug|ARM.Build.0 = Debug|Any CPU
		{E33757F9-2BA9-4033-8B2B-28DE5A87BEDD}.Debug|iPhone.ActiveCfg = Debug|Any CPU
		{E33757F9-2BA9-4033-8B2B-28DE5A87BEDD}.Debug|iPhone.Build.0 = Debug|Any CPU
		{E33757F9-2BA9-4033-8B2B-28DE5A87BEDD}.Debug|iPhoneSimulator.ActiveCfg = Debug|Any CPU
		{E33757F9-2BA9-4033-8B2B-28DE5A87BEDD}.Debug|iPhoneSimulator.Build.0 = Debug|Any CPU
		{E33757F9-2BA9-4033-8B2B-28DE5A87BEDD}.Debug|x64.ActiveCfg = Debug|Any CPU
		{E33757F9-2BA9-4033-8B2B-28DE5A87BEDD}.Debug|x64.Build.0 = Debug|Any CPU
		{E33757F9-2BA9-4033-8B2B-28DE5A87BEDD}.Debug|x86.ActiveCfg = Debug|Any CPU
		{E33757F9-2BA9-4033-8B2B-28DE5A87BEDD}.Debug|x86.Build.0 = Debug|Any CPU
		{E33757F9-2BA9-4033-8B2B-28DE5A87BEDD}.Release|Any CPU.ActiveCfg = Release|Any CPU
		{E33757F9-2BA9-4033-8B2B-28DE5A87BEDD}.Release|Any CPU.Build.0 = Release|Any CPU
		{E33757F9-2BA9-4033-8B2B-28DE5A87BEDD}.Release|ARM.ActiveCfg = Release|Any CPU
		{E33757F9-2BA9-4033-8B2B-28DE5A87BEDD}.Release|ARM.Build.0 = Release|Any CPU
		{E33757F9-2BA9-4033-8B2B-28DE5A87BEDD}.Release|iPhone.ActiveCfg = Release|Any CPU
		{E33757F9-2BA9-4033-8B2B-28DE5A87BEDD}.Release|iPhone.Build.0 = Release|Any CPU
		{E33757F9-2BA9-4033-8B2B-28DE5A87BEDD}.Release|iPhoneSimulator.ActiveCfg = Release|Any CPU
		{E33757F9-2BA9-4033-8B2B-28DE5A87BEDD}.Release|iPhoneSimulator.Build.0 = Release|Any CPU
		{E33757F9-2BA9-4033-8B2B-28DE5A87BEDD}.Release|x64.ActiveCfg = Release|Any CPU
		{E33757F9-2BA9-4033-8B2B-28DE5A87BEDD}.Release|x64.Build.0 = Release|Any CPU
		{E33757F9-2BA9-4033-8B2B-28DE5A87BEDD}.Release|x86.ActiveCfg = Release|Any CPU
		{E33757F9-2BA9-4033-8B2B-28DE5A87BEDD}.Release|x86.Build.0 = Release|Any CPU
		{58AF8ED0-685C-4E3B-B5EA-D9194F060D3A}.Ad-Hoc|Any CPU.ActiveCfg = Release|Any CPU
		{58AF8ED0-685C-4E3B-B5EA-D9194F060D3A}.Ad-Hoc|Any CPU.Build.0 = Release|Any CPU
		{58AF8ED0-685C-4E3B-B5EA-D9194F060D3A}.Ad-Hoc|Any CPU.Deploy.0 = Release|Any CPU
		{58AF8ED0-685C-4E3B-B5EA-D9194F060D3A}.Ad-Hoc|ARM.ActiveCfg = Release|Any CPU
		{58AF8ED0-685C-4E3B-B5EA-D9194F060D3A}.Ad-Hoc|ARM.Build.0 = Release|Any CPU
		{58AF8ED0-685C-4E3B-B5EA-D9194F060D3A}.Ad-Hoc|ARM.Deploy.0 = Release|Any CPU
		{58AF8ED0-685C-4E3B-B5EA-D9194F060D3A}.Ad-Hoc|iPhone.ActiveCfg = Release|Any CPU
		{58AF8ED0-685C-4E3B-B5EA-D9194F060D3A}.Ad-Hoc|iPhone.Build.0 = Release|Any CPU
		{58AF8ED0-685C-4E3B-B5EA-D9194F060D3A}.Ad-Hoc|iPhone.Deploy.0 = Release|Any CPU
		{58AF8ED0-685C-4E3B-B5EA-D9194F060D3A}.Ad-Hoc|iPhoneSimulator.ActiveCfg = Release|Any CPU
		{58AF8ED0-685C-4E3B-B5EA-D9194F060D3A}.Ad-Hoc|iPhoneSimulator.Build.0 = Release|Any CPU
		{58AF8ED0-685C-4E3B-B5EA-D9194F060D3A}.Ad-Hoc|iPhoneSimulator.Deploy.0 = Release|Any CPU
		{58AF8ED0-685C-4E3B-B5EA-D9194F060D3A}.Ad-Hoc|x64.ActiveCfg = Release|Any CPU
		{58AF8ED0-685C-4E3B-B5EA-D9194F060D3A}.Ad-Hoc|x64.Build.0 = Release|Any CPU
		{58AF8ED0-685C-4E3B-B5EA-D9194F060D3A}.Ad-Hoc|x64.Deploy.0 = Release|Any CPU
		{58AF8ED0-685C-4E3B-B5EA-D9194F060D3A}.Ad-Hoc|x86.ActiveCfg = Release|Any CPU
		{58AF8ED0-685C-4E3B-B5EA-D9194F060D3A}.Ad-Hoc|x86.Build.0 = Release|Any CPU
		{58AF8ED0-685C-4E3B-B5EA-D9194F060D3A}.Ad-Hoc|x86.Deploy.0 = Release|Any CPU
		{58AF8ED0-685C-4E3B-B5EA-D9194F060D3A}.AppStore|Any CPU.ActiveCfg = Release|Any CPU
		{58AF8ED0-685C-4E3B-B5EA-D9194F060D3A}.AppStore|Any CPU.Build.0 = Release|Any CPU
		{58AF8ED0-685C-4E3B-B5EA-D9194F060D3A}.AppStore|Any CPU.Deploy.0 = Release|Any CPU
		{58AF8ED0-685C-4E3B-B5EA-D9194F060D3A}.AppStore|ARM.ActiveCfg = Release|Any CPU
		{58AF8ED0-685C-4E3B-B5EA-D9194F060D3A}.AppStore|ARM.Build.0 = Release|Any CPU
		{58AF8ED0-685C-4E3B-B5EA-D9194F060D3A}.AppStore|ARM.Deploy.0 = Release|Any CPU
		{58AF8ED0-685C-4E3B-B5EA-D9194F060D3A}.AppStore|iPhone.ActiveCfg = Release|Any CPU
		{58AF8ED0-685C-4E3B-B5EA-D9194F060D3A}.AppStore|iPhone.Build.0 = Release|Any CPU
		{58AF8ED0-685C-4E3B-B5EA-D9194F060D3A}.AppStore|iPhone.Deploy.0 = Release|Any CPU
		{58AF8ED0-685C-4E3B-B5EA-D9194F060D3A}.AppStore|iPhoneSimulator.ActiveCfg = Release|Any CPU
		{58AF8ED0-685C-4E3B-B5EA-D9194F060D3A}.AppStore|iPhoneSimulator.Build.0 = Release|Any CPU
		{58AF8ED0-685C-4E3B-B5EA-D9194F060D3A}.AppStore|iPhoneSimulator.Deploy.0 = Release|Any CPU
		{58AF8ED0-685C-4E3B-B5EA-D9194F060D3A}.AppStore|x64.ActiveCfg = Release|Any CPU
		{58AF8ED0-685C-4E3B-B5EA-D9194F060D3A}.AppStore|x64.Build.0 = Release|Any CPU
		{58AF8ED0-685C-4E3B-B5EA-D9194F060D3A}.AppStore|x64.Deploy.0 = Release|Any CPU
		{58AF8ED0-685C-4E3B-B5EA-D9194F060D3A}.AppStore|x86.ActiveCfg = Release|Any CPU
		{58AF8ED0-685C-4E3B-B5EA-D9194F060D3A}.AppStore|x86.Build.0 = Release|Any CPU
		{58AF8ED0-685C-4E3B-B5EA-D9194F060D3A}.AppStore|x86.Deploy.0 = Release|Any CPU
		{58AF8ED0-685C-4E3B-B5EA-D9194F060D3A}.Debug|Any CPU.ActiveCfg = Debug|Any CPU
		{58AF8ED0-685C-4E3B-B5EA-D9194F060D3A}.Debug|Any CPU.Build.0 = Debug|Any CPU
		{58AF8ED0-685C-4E3B-B5EA-D9194F060D3A}.Debug|Any CPU.Deploy.0 = Debug|Any CPU
		{58AF8ED0-685C-4E3B-B5EA-D9194F060D3A}.Debug|ARM.ActiveCfg = Debug|Any CPU
		{58AF8ED0-685C-4E3B-B5EA-D9194F060D3A}.Debug|ARM.Build.0 = Debug|Any CPU
		{58AF8ED0-685C-4E3B-B5EA-D9194F060D3A}.Debug|ARM.Deploy.0 = Debug|Any CPU
		{58AF8ED0-685C-4E3B-B5EA-D9194F060D3A}.Debug|iPhone.ActiveCfg = Debug|Any CPU
		{58AF8ED0-685C-4E3B-B5EA-D9194F060D3A}.Debug|iPhone.Build.0 = Debug|Any CPU
		{58AF8ED0-685C-4E3B-B5EA-D9194F060D3A}.Debug|iPhone.Deploy.0 = Debug|Any CPU
		{58AF8ED0-685C-4E3B-B5EA-D9194F060D3A}.Debug|iPhoneSimulator.ActiveCfg = Debug|Any CPU
		{58AF8ED0-685C-4E3B-B5EA-D9194F060D3A}.Debug|iPhoneSimulator.Build.0 = Debug|Any CPU
		{58AF8ED0-685C-4E3B-B5EA-D9194F060D3A}.Debug|iPhoneSimulator.Deploy.0 = Debug|Any CPU
		{58AF8ED0-685C-4E3B-B5EA-D9194F060D3A}.Debug|x64.ActiveCfg = Debug|Any CPU
		{58AF8ED0-685C-4E3B-B5EA-D9194F060D3A}.Debug|x64.Build.0 = Debug|Any CPU
		{58AF8ED0-685C-4E3B-B5EA-D9194F060D3A}.Debug|x64.Deploy.0 = Debug|Any CPU
		{58AF8ED0-685C-4E3B-B5EA-D9194F060D3A}.Debug|x86.ActiveCfg = Debug|Any CPU
		{58AF8ED0-685C-4E3B-B5EA-D9194F060D3A}.Debug|x86.Build.0 = Debug|Any CPU
		{58AF8ED0-685C-4E3B-B5EA-D9194F060D3A}.Debug|x86.Deploy.0 = Debug|Any CPU
		{58AF8ED0-685C-4E3B-B5EA-D9194F060D3A}.Release|Any CPU.ActiveCfg = Release|Any CPU
		{58AF8ED0-685C-4E3B-B5EA-D9194F060D3A}.Release|Any CPU.Build.0 = Release|Any CPU
		{58AF8ED0-685C-4E3B-B5EA-D9194F060D3A}.Release|Any CPU.Deploy.0 = Release|Any CPU
		{58AF8ED0-685C-4E3B-B5EA-D9194F060D3A}.Release|ARM.ActiveCfg = Release|Any CPU
		{58AF8ED0-685C-4E3B-B5EA-D9194F060D3A}.Release|ARM.Build.0 = Release|Any CPU
		{58AF8ED0-685C-4E3B-B5EA-D9194F060D3A}.Release|ARM.Deploy.0 = Release|Any CPU
		{58AF8ED0-685C-4E3B-B5EA-D9194F060D3A}.Release|iPhone.ActiveCfg = Release|Any CPU
		{58AF8ED0-685C-4E3B-B5EA-D9194F060D3A}.Release|iPhone.Build.0 = Release|Any CPU
		{58AF8ED0-685C-4E3B-B5EA-D9194F060D3A}.Release|iPhone.Deploy.0 = Release|Any CPU
		{58AF8ED0-685C-4E3B-B5EA-D9194F060D3A}.Release|iPhoneSimulator.ActiveCfg = Release|Any CPU
		{58AF8ED0-685C-4E3B-B5EA-D9194F060D3A}.Release|iPhoneSimulator.Build.0 = Release|Any CPU
		{58AF8ED0-685C-4E3B-B5EA-D9194F060D3A}.Release|iPhoneSimulator.Deploy.0 = Release|Any CPU
		{58AF8ED0-685C-4E3B-B5EA-D9194F060D3A}.Release|x64.ActiveCfg = Release|Any CPU
		{58AF8ED0-685C-4E3B-B5EA-D9194F060D3A}.Release|x64.Build.0 = Release|Any CPU
		{58AF8ED0-685C-4E3B-B5EA-D9194F060D3A}.Release|x64.Deploy.0 = Release|Any CPU
		{58AF8ED0-685C-4E3B-B5EA-D9194F060D3A}.Release|x86.ActiveCfg = Release|Any CPU
		{58AF8ED0-685C-4E3B-B5EA-D9194F060D3A}.Release|x86.Build.0 = Release|Any CPU
		{58AF8ED0-685C-4E3B-B5EA-D9194F060D3A}.Release|x86.Deploy.0 = Release|Any CPU
	EndGlobalSection
	GlobalSection(SolutionProperties) = preSolution
		HideSolutionNode = FALSE
	EndGlobalSection
	GlobalSection(ExtensibilityGlobals) = postSolution
		SolutionGuid = {F6D05029-56B8-4E45-AF2D-0E76295DDBA2}
	EndGlobalSection
EndGlobal
